
Microsoft Visual Studio Solution File, Format Version 12.00
# Visual Studio 15
Project("{FAE04EC0-301F-11D3-BF4B-00C04F79EFBC}") = "MyFirstApp", "MyFirstApp\MyFirstApp.csproj", "{7A041C2A-58AC-4036-A826-8E8901DBB12E}"
EndProject
Global
	GlobalSection(SolutionConfigurationPlatforms) = preSolution
		Debug|Any CPU = Debug|Any CPU
		Release|Any CPU = Release|Any CPU
	EndGlobalSection
	GlobalSection(ProjectConfigurationPlatforms) = postSolution
		{7A041C2A-58AC-4036-A826-8E8901DBB12E}.Debug|Any CPU.ActiveCfg = Debug|Any CPU
		{7A041C2A-58AC-4036-A826-8E8901DBB12E}.Debug|Any CPU.Build.0 = Debug|Any CPU
		{7A041C2A-58AC-4036-A826-8E8901DBB12E}.Release|Any CPU.ActiveCfg = Release|Any CPU
		{7A041C2A-58AC-4036-A826-8E8901DBB12E}.Release|Any CPU.Build.0 = Release|Any CPU
	EndGlobalSection
EndGlobal
